
Microsoft Visual Studio Solution File, Format Version 12.00
# Visual Studio Version 17
VisualStudioVersion = 17.0.31912.275
MinimumVisualStudioVersion = 10.0.40219.1
Project("{2150E333-8FDC-42A3-9474-1A3956D46DE8}") = "Solution Items", "Solution Items", "{870D9301-BE3D-44EA-BF9C-FCC2E87FE4CD}"
	ProjectSection(SolutionItems) = preProject
		Directory.Build.props = Directory.Build.props
		Directory.Build.targets = Directory.Build.targets
		solution-helper.psm1 = solution-helper.psm1
	EndProjectSection
EndProject
Project("{2150E333-8FDC-42A3-9474-1A3956D46DE8}") = "Solution Tests", "Solution Tests", "{F9B24CD9-E06B-4834-84CB-8C29E5F10BE0}"
EndProject
Project("{2150E333-8FDC-42A3-9474-1A3956D46DE8}") = ".github", ".github", "{1FA7CE2A-C9DA-4DC3-A242-5A7EAF8EE4FC}"
EndProject
Project("{2150E333-8FDC-42A3-9474-1A3956D46DE8}") = "workflows", "workflows", "{4DBDB7F5-3F66-4572-80B5-3322449C77A4}"
	ProjectSection(SolutionItems) = preProject
		.github\workflows\create-release.yml = .github\workflows\create-release.yml
		.github\workflows\format.yml = .github\workflows\format.yml
		.github\workflows\issue-branch.yml = .github\workflows\issue-branch.yml
		.github\workflows\publish.yml = .github\workflows\publish.yml
		.github\workflows\test-report.yml = .github\workflows\test-report.yml
		.github\workflows\test.yml = .github\workflows\test.yml
	EndProjectSection
EndProject
Project("{D954291E-2A0B-460D-934E-DC6B0785DB48}") = "docs", "docs\docs.shproj", "{FC3B0A95-4DA0-43A0-A19D-624152BDF2F6}"
EndProject
Project("{FAE04EC0-301F-11D3-BF4B-00C04F79EFBC}") = "Hyperbee.XS", "src\Hyperbee.XS\Hyperbee.XS.csproj", "{A46D7724-1D34-401E-B162-C1B9A318C45B}"
EndProject
Project("{FAE04EC0-301F-11D3-BF4B-00C04F79EFBC}") = "Hyperbee.XS.Benchmark", "test\Hyperbee.XS.Benchmark\Hyperbee.XS.Benchmark.csproj", "{16749A0C-F550-49BA-9E13-3789924019AB}"
EndProject
Project("{FAE04EC0-301F-11D3-BF4B-00C04F79EFBC}") = "Hyperbee.XS.Tests", "test\Hyperbee.XS.Tests\Hyperbee.XS.Tests.csproj", "{636A48FD-43EA-472E-B2F6-1ED5109537DE}"
EndProject
Project("{FAE04EC0-301F-11D3-BF4B-00C04F79EFBC}") = "Hyperbee.Xs.Extensions", "src\Hyperbee.XS.Extensions\Hyperbee.Xs.Extensions.csproj", "{BDAA007B-08EF-437D-924F-216885EDECE7}"
EndProject
Project("{FAE04EC0-301F-11D3-BF4B-00C04F79EFBC}") = "Hyperbee.XS.Extensions.Tests", "test\Hyperbee.XS.Extensions.Tests\Hyperbee.XS.Extensions.Tests.csproj", "{4ECD9E30-D79F-4333-88BE-495F515EC873}"
EndProject
Project("{FAE04EC0-301F-11D3-BF4B-00C04F79EFBC}") = "Hyperbee.Xs.Cli", "src\Hyperbee.XS.Cli\Hyperbee.Xs.Cli.csproj", "{552C7A2C-9F4D-4D4A-9C2C-CABC71559A79}"
EndProject
Global
	GlobalSection(SolutionConfigurationPlatforms) = preSolution
		Debug|Any CPU = Debug|Any CPU
		Release|Any CPU = Release|Any CPU
	EndGlobalSection
	GlobalSection(ProjectConfigurationPlatforms) = postSolution
		{A46D7724-1D34-401E-B162-C1B9A318C45B}.Debug|Any CPU.ActiveCfg = Debug|Any CPU
		{A46D7724-1D34-401E-B162-C1B9A318C45B}.Debug|Any CPU.Build.0 = Debug|Any CPU
		{A46D7724-1D34-401E-B162-C1B9A318C45B}.Release|Any CPU.ActiveCfg = Release|Any CPU
		{A46D7724-1D34-401E-B162-C1B9A318C45B}.Release|Any CPU.Build.0 = Release|Any CPU
		{16749A0C-F550-49BA-9E13-3789924019AB}.Debug|Any CPU.ActiveCfg = Debug|Any CPU
		{16749A0C-F550-49BA-9E13-3789924019AB}.Debug|Any CPU.Build.0 = Debug|Any CPU
		{16749A0C-F550-49BA-9E13-3789924019AB}.Release|Any CPU.ActiveCfg = Release|Any CPU
		{16749A0C-F550-49BA-9E13-3789924019AB}.Release|Any CPU.Build.0 = Release|Any CPU
		{636A48FD-43EA-472E-B2F6-1ED5109537DE}.Debug|Any CPU.ActiveCfg = Debug|Any CPU
		{636A48FD-43EA-472E-B2F6-1ED5109537DE}.Debug|Any CPU.Build.0 = Debug|Any CPU
		{636A48FD-43EA-472E-B2F6-1ED5109537DE}.Release|Any CPU.ActiveCfg = Release|Any CPU
		{636A48FD-43EA-472E-B2F6-1ED5109537DE}.Release|Any CPU.Build.0 = Release|Any CPU
		{BDAA007B-08EF-437D-924F-216885EDECE7}.Debug|Any CPU.ActiveCfg = Debug|Any CPU
		{BDAA007B-08EF-437D-924F-216885EDECE7}.Debug|Any CPU.Build.0 = Debug|Any CPU
		{BDAA007B-08EF-437D-924F-216885EDECE7}.Release|Any CPU.ActiveCfg = Release|Any CPU
		{BDAA007B-08EF-437D-924F-216885EDECE7}.Release|Any CPU.Build.0 = Release|Any CPU
		{4ECD9E30-D79F-4333-88BE-495F515EC873}.Debug|Any CPU.ActiveCfg = Debug|Any CPU
		{4ECD9E30-D79F-4333-88BE-495F515EC873}.Debug|Any CPU.Build.0 = Debug|Any CPU
		{4ECD9E30-D79F-4333-88BE-495F515EC873}.Release|Any CPU.ActiveCfg = Release|Any CPU
		{4ECD9E30-D79F-4333-88BE-495F515EC873}.Release|Any CPU.Build.0 = Release|Any CPU
		{552C7A2C-9F4D-4D4A-9C2C-CABC71559A79}.Debug|Any CPU.ActiveCfg = Debug|Any CPU
		{552C7A2C-9F4D-4D4A-9C2C-CABC71559A79}.Debug|Any CPU.Build.0 = Debug|Any CPU
		{552C7A2C-9F4D-4D4A-9C2C-CABC71559A79}.Release|Any CPU.ActiveCfg = Release|Any CPU
		{552C7A2C-9F4D-4D4A-9C2C-CABC71559A79}.Release|Any CPU.Build.0 = Release|Any CPU
	EndGlobalSection
	GlobalSection(SolutionProperties) = preSolution
		HideSolutionNode = FALSE
	EndGlobalSection
	GlobalSection(NestedProjects) = preSolution
		{1FA7CE2A-C9DA-4DC3-A242-5A7EAF8EE4FC} = {870D9301-BE3D-44EA-BF9C-FCC2E87FE4CD}
		{4DBDB7F5-3F66-4572-80B5-3322449C77A4} = {1FA7CE2A-C9DA-4DC3-A242-5A7EAF8EE4FC}
		{FC3B0A95-4DA0-43A0-A19D-624152BDF2F6} = {870D9301-BE3D-44EA-BF9C-FCC2E87FE4CD}
		{16749A0C-F550-49BA-9E13-3789924019AB} = {F9B24CD9-E06B-4834-84CB-8C29E5F10BE0}
		{636A48FD-43EA-472E-B2F6-1ED5109537DE} = {F9B24CD9-E06B-4834-84CB-8C29E5F10BE0}
		{4ECD9E30-D79F-4333-88BE-495F515EC873} = {F9B24CD9-E06B-4834-84CB-8C29E5F10BE0}
	EndGlobalSection
	GlobalSection(ExtensibilityGlobals) = postSolution
		SolutionGuid = {32874F5B-B467-4F28-A8E2-82C2536FB228}
	EndGlobalSection
	GlobalSection(SharedMSBuildProjectFiles) = preSolution
		docs\docs.projitems*{fc3b0a95-4da0-43a0-a19d-624152bdf2f6}*SharedItemsImports = 13
	EndGlobalSection
EndGlobal
